// !$*UTF8*$!
{
	archiveVersion = 1;
	classes = {
	};
	objectVersion = 56;
	objects = {

/* Begin PBXBuildFile section */
		7C620A712AAE331E00239261 /* oddvarUITests.swift in Sources */ = {isa = PBXBuildFile; fileRef = 7C620A702AAE331E00239261 /* oddvarUITests.swift */; };
		7C620A732AAE331E00239261 /* oddvarUITestsLaunchTests.swift in Sources */ = {isa = PBXBuildFile; fileRef = 7C620A722AAE331E00239261 /* oddvarUITestsLaunchTests.swift */; };
		7C620A7D2AAE5D3E00239261 /* oddvarTests.swift in Sources */ = {isa = PBXBuildFile; fileRef = 7CB7C7EA2AABB87000920ECC /* oddvarTests.swift */; };
		7C620A832AAE62EA00239261 /* SnapshotTesting in Frameworks */ = {isa = PBXBuildFile; productRef = 7C620A822AAE62EA00239261 /* SnapshotTesting */; };
		7C620A932AAE6E5700239261 /* oddvarFramework.docc in Sources */ = {isa = PBXBuildFile; fileRef = 7C620A922AAE6E5700239261 /* oddvarFramework.docc */; };
		7C620A942AAE6E5700239261 /* oddvarFramework.h in Headers */ = {isa = PBXBuildFile; fileRef = 7C620A912AAE6E5700239261 /* oddvarFramework.h */; settings = {ATTRIBUTES = (Public, ); }; };
		7C620A972AAE6E5700239261 /* oddvarFramework.framework in Frameworks */ = {isa = PBXBuildFile; fileRef = 7C620A8F2AAE6E5700239261 /* oddvarFramework.framework */; };
		7C620A982AAE6E5700239261 /* oddvarFramework.framework in Embed Frameworks */ = {isa = PBXBuildFile; fileRef = 7C620A8F2AAE6E5700239261 /* oddvarFramework.framework */; settings = {ATTRIBUTES = (CodeSignOnCopy, RemoveHeadersOnCopy, ); }; };
		7C620A9D2AAE6E8500239261 /* ItemListView.swift in Sources */ = {isa = PBXBuildFile; fileRef = 7CB7C7DB2AABB86F00920ECC /* ItemListView.swift */; };
		7C620A9E2AAE6E8B00239261 /* ItemCardView.swift in Sources */ = {isa = PBXBuildFile; fileRef = 7CB7C80D2AABD81200920ECC /* ItemCardView.swift */; };
		7C620A9F2AAE6E9000239261 /* PickerContainerView.swift in Sources */ = {isa = PBXBuildFile; fileRef = 7C620A482AADF20800239261 /* PickerContainerView.swift */; };
		7C620AA02AAE6E9500239261 /* PickerContainerCore.swift in Sources */ = {isa = PBXBuildFile; fileRef = 7C620A4C2AAE286A00239261 /* PickerContainerCore.swift */; };
		7C620AA12AAE6E9E00239261 /* DepenencyEnviroment.swift in Sources */ = {isa = PBXBuildFile; fileRef = 7CB7C8072AABBB7600920ECC /* DepenencyEnviroment.swift */; };
		7C620AA32AAE6ED000239261 /* OddvarState.swift in Sources */ = {isa = PBXBuildFile; fileRef = 7C620A4A2AADF78E00239261 /* OddvarState.swift */; };
		7C620AA42AAE6EFE00239261 /* Constants.swift in Sources */ = {isa = PBXBuildFile; fileRef = 7CB7C80B2AABBF5600920ECC /* Constants.swift */; };
		7C620AA52AAE6F0900239261 /* Preview Assets.xcassets in Resources */ = {isa = PBXBuildFile; fileRef = 7CB7C7E02AABB87000920ECC /* Preview Assets.xcassets */; };
		7C620AA72AAE6F3700239261 /* OddvarApp.swift in Sources */ = {isa = PBXBuildFile; fileRef = 7CB7C7D92AABB86F00920ECC /* OddvarApp.swift */; };
		7CA7F5142AB0A68600D1B3B7 /* OddvarApi in Frameworks */ = {isa = PBXBuildFile; productRef = 7CA7F5132AB0A68600D1B3B7 /* OddvarApi */; };
		7CB0D39B2AAF974E0054BFFF /* Assets.xcassets in Resources */ = {isa = PBXBuildFile; fileRef = 7CB7C7DD2AABB87000920ECC /* Assets.xcassets */; };
		7CB0D39D2AAFAFE50054BFFF /* TextImageOverlay.swift in Sources */ = {isa = PBXBuildFile; fileRef = 7CB0D39C2AAFAFE50054BFFF /* TextImageOverlay.swift */; };
		7CB0D3A12AAFBF650054BFFF /* after+Tests.swift in Sources */ = {isa = PBXBuildFile; fileRef = 7CB0D3A02AAFBF650054BFFF /* after+Tests.swift */; };
		7CB0D3A72AAFC3D70054BFFF /* CachedAsyncImage in Frameworks */ = {isa = PBXBuildFile; productRef = 7CB0D3A62AAFC3D70054BFFF /* CachedAsyncImage */; };
		7CB7C7DE2AABB87000920ECC /* Assets.xcassets in Resources */ = {isa = PBXBuildFile; fileRef = 7CB7C7DD2AABB87000920ECC /* Assets.xcassets */; };
/* End PBXBuildFile section */

/* Begin PBXContainerItemProxy section */
		7C620A742AAE331E00239261 /* PBXContainerItemProxy */ = {
			isa = PBXContainerItemProxy;
			containerPortal = 7CB7C7CE2AABB86F00920ECC /* Project object */;
			proxyType = 1;
			remoteGlobalIDString = 7CB7C7D52AABB86F00920ECC;
			remoteInfo = oddvar;
		};
		7C620A952AAE6E5700239261 /* PBXContainerItemProxy */ = {
			isa = PBXContainerItemProxy;
			containerPortal = 7CB7C7CE2AABB86F00920ECC /* Project object */;
			proxyType = 1;
			remoteGlobalIDString = 7C620A8E2AAE6E5700239261;
			remoteInfo = oddvarFramework;
		};
		7CB7C7E72AABB87000920ECC /* PBXContainerItemProxy */ = {
			isa = PBXContainerItemProxy;
			containerPortal = 7CB7C7CE2AABB86F00920ECC /* Project object */;
			proxyType = 1;
			remoteGlobalIDString = 7CB7C7D52AABB86F00920ECC;
			remoteInfo = oddvar;
		};
/* End PBXContainerItemProxy section */

/* Begin PBXCopyFilesBuildPhase section */
		7C620A872AAE6A8500239261 /* CopyFiles */ = {
			isa = PBXCopyFilesBuildPhase;
			buildActionMask = 2147483647;
			dstPath = "";
			dstSubfolderSpec = 10;
			files = (
			);
			runOnlyForDeploymentPostprocessing = 0;
		};
		7C620A9C2AAE6E5700239261 /* Embed Frameworks */ = {
			isa = PBXCopyFilesBuildPhase;
			buildActionMask = 2147483647;
			dstPath = "";
			dstSubfolderSpec = 10;
			files = (
				7C620A982AAE6E5700239261 /* oddvarFramework.framework in Embed Frameworks */,
			);
			name = "Embed Frameworks";
			runOnlyForDeploymentPostprocessing = 0;
		};
/* End PBXCopyFilesBuildPhase section */

/* Begin PBXFileReference section */
		7C620A482AADF20800239261 /* PickerContainerView.swift */ = {isa = PBXFileReference; lastKnownFileType = sourcecode.swift; path = PickerContainerView.swift; sourceTree = "<group>"; };
		7C620A4A2AADF78E00239261 /* OddvarState.swift */ = {isa = PBXFileReference; lastKnownFileType = sourcecode.swift; path = OddvarState.swift; sourceTree = "<group>"; };
		7C620A4C2AAE286A00239261 /* PickerContainerCore.swift */ = {isa = PBXFileReference; lastKnownFileType = sourcecode.swift; path = PickerContainerCore.swift; sourceTree = "<group>"; };
		7C620A6E2AAE331E00239261 /* oddvarUITests.xctest */ = {isa = PBXFileReference; explicitFileType = wrapper.cfbundle; includeInIndex = 0; path = oddvarUITests.xctest; sourceTree = BUILT_PRODUCTS_DIR; };
		7C620A702AAE331E00239261 /* oddvarUITests.swift */ = {isa = PBXFileReference; lastKnownFileType = sourcecode.swift; path = oddvarUITests.swift; sourceTree = "<group>"; };
		7C620A722AAE331E00239261 /* oddvarUITestsLaunchTests.swift */ = {isa = PBXFileReference; lastKnownFileType = sourcecode.swift; path = oddvarUITestsLaunchTests.swift; sourceTree = "<group>"; };
		7C620A8F2AAE6E5700239261 /* oddvarFramework.framework */ = {isa = PBXFileReference; explicitFileType = wrapper.framework; includeInIndex = 0; path = oddvarFramework.framework; sourceTree = BUILT_PRODUCTS_DIR; };
		7C620A912AAE6E5700239261 /* oddvarFramework.h */ = {isa = PBXFileReference; lastKnownFileType = sourcecode.c.h; path = oddvarFramework.h; sourceTree = "<group>"; };
		7C620A922AAE6E5700239261 /* oddvarFramework.docc */ = {isa = PBXFileReference; lastKnownFileType = folder.documentationcatalog; path = oddvarFramework.docc; sourceTree = "<group>"; };
		7CB0D39C2AAFAFE50054BFFF /* TextImageOverlay.swift */ = {isa = PBXFileReference; lastKnownFileType = sourcecode.swift; path = TextImageOverlay.swift; sourceTree = "<group>"; };
		7CB0D3A02AAFBF650054BFFF /* after+Tests.swift */ = {isa = PBXFileReference; lastKnownFileType = sourcecode.swift; path = "after+Tests.swift"; sourceTree = "<group>"; };
		7CB7C7D62AABB86F00920ECC /* oddvar.app */ = {isa = PBXFileReference; explicitFileType = wrapper.application; includeInIndex = 0; path = oddvar.app; sourceTree = BUILT_PRODUCTS_DIR; };
		7CB7C7D92AABB86F00920ECC /* OddvarApp.swift */ = {isa = PBXFileReference; lastKnownFileType = sourcecode.swift; path = OddvarApp.swift; sourceTree = "<group>"; };
		7CB7C7DB2AABB86F00920ECC /* ItemListView.swift */ = {isa = PBXFileReference; lastKnownFileType = sourcecode.swift; path = ItemListView.swift; sourceTree = "<group>"; };
		7CB7C7DD2AABB87000920ECC /* Assets.xcassets */ = {isa = PBXFileReference; lastKnownFileType = folder.assetcatalog; path = Assets.xcassets; sourceTree = "<group>"; };
		7CB7C7E02AABB87000920ECC /* Preview Assets.xcassets */ = {isa = PBXFileReference; lastKnownFileType = folder.assetcatalog; path = "Preview Assets.xcassets"; sourceTree = "<group>"; };
		7CB7C7E62AABB87000920ECC /* oddvarTests.xctest */ = {isa = PBXFileReference; explicitFileType = wrapper.cfbundle; includeInIndex = 0; path = oddvarTests.xctest; sourceTree = BUILT_PRODUCTS_DIR; };
		7CB7C7EA2AABB87000920ECC /* oddvarTests.swift */ = {isa = PBXFileReference; lastKnownFileType = sourcecode.swift; path = oddvarTests.swift; sourceTree = "<group>"; };
		7CB7C8072AABBB7600920ECC /* DepenencyEnviroment.swift */ = {isa = PBXFileReference; lastKnownFileType = sourcecode.swift; path = DepenencyEnviroment.swift; sourceTree = "<group>"; };
		7CB7C80B2AABBF5600920ECC /* Constants.swift */ = {isa = PBXFileReference; lastKnownFileType = sourcecode.swift; path = Constants.swift; sourceTree = "<group>"; };
		7CB7C80D2AABD81200920ECC /* ItemCardView.swift */ = {isa = PBXFileReference; lastKnownFileType = sourcecode.swift; path = ItemCardView.swift; sourceTree = "<group>"; };
/* End PBXFileReference section */

/* Begin PBXFrameworksBuildPhase section */
		7C620A6B2AAE331E00239261 /* Frameworks */ = {
			isa = PBXFrameworksBuildPhase;
			buildActionMask = 2147483647;
			files = (
				7C620A832AAE62EA00239261 /* SnapshotTesting in Frameworks */,
			);
			runOnlyForDeploymentPostprocessing = 0;
		};
		7C620A8C2AAE6E5700239261 /* Frameworks */ = {
			isa = PBXFrameworksBuildPhase;
			buildActionMask = 2147483647;
			files = (
				7CB0D3A72AAFC3D70054BFFF /* CachedAsyncImage in Frameworks */,
				7CA7F5142AB0A68600D1B3B7 /* OddvarApi in Frameworks */,
			);
			runOnlyForDeploymentPostprocessing = 0;
		};
		7CB7C7D32AABB86F00920ECC /* Frameworks */ = {
			isa = PBXFrameworksBuildPhase;
			buildActionMask = 2147483647;
			files = (
				7C620A972AAE6E5700239261 /* oddvarFramework.framework in Frameworks */,
			);
			runOnlyForDeploymentPostprocessing = 0;
		};
		7CB7C7E32AABB87000920ECC /* Frameworks */ = {
			isa = PBXFrameworksBuildPhase;
			buildActionMask = 2147483647;
			files = (
			);
			runOnlyForDeploymentPostprocessing = 0;
		};
/* End PBXFrameworksBuildPhase section */

/* Begin PBXGroup section */
		7C620A6F2AAE331E00239261 /* oddvarUITests */ = {
			isa = PBXGroup;
			children = (
				7C620A702AAE331E00239261 /* oddvarUITests.swift */,
				7C620A722AAE331E00239261 /* oddvarUITestsLaunchTests.swift */,
			);
			path = oddvarUITests;
			sourceTree = "<group>";
		};
		7C620A902AAE6E5700239261 /* oddvarFramework */ = {
			isa = PBXGroup;
			children = (
				7C620A912AAE6E5700239261 /* oddvarFramework.h */,
				7C620A922AAE6E5700239261 /* oddvarFramework.docc */,
			);
			path = oddvarFramework;
			sourceTree = "<group>";
		};
		7CB0D39E2AAFB3410054BFFF /* ItemList */ = {
			isa = PBXGroup;
			children = (
				7CB7C7DB2AABB86F00920ECC /* ItemListView.swift */,
				7CB7C80D2AABD81200920ECC /* ItemCardView.swift */,
				7CB0D39C2AAFAFE50054BFFF /* TextImageOverlay.swift */,
			);
			path = ItemList;
			sourceTree = "<group>";
		};
		7CB0D39F2AAFB34E0054BFFF /* PickerContainer */ = {
			isa = PBXGroup;
			children = (
				7C620A482AADF20800239261 /* PickerContainerView.swift */,
				7C620A4C2AAE286A00239261 /* PickerContainerCore.swift */,
			);
			path = PickerContainer;
			sourceTree = "<group>";
		};
		7CB0D3A52AAFC3D70054BFFF /* Frameworks */ = {
			isa = PBXGroup;
			children = (
			);
			name = Frameworks;
			sourceTree = "<group>";
		};
		7CB7C7CD2AABB86F00920ECC = {
			isa = PBXGroup;
			children = (
				7CB7C7D82AABB86F00920ECC /* oddvar */,
				7CB7C7E92AABB87000920ECC /* oddvarTests */,
				7C620A6F2AAE331E00239261 /* oddvarUITests */,
				7C620A902AAE6E5700239261 /* oddvarFramework */,
				7CB7C7D72AABB86F00920ECC /* Products */,
				7CB0D3A52AAFC3D70054BFFF /* Frameworks */,
			);
			sourceTree = "<group>";
		};
		7CB7C7D72AABB86F00920ECC /* Products */ = {
			isa = PBXGroup;
			children = (
				7CB7C7D62AABB86F00920ECC /* oddvar.app */,
				7CB7C7E62AABB87000920ECC /* oddvarTests.xctest */,
				7C620A6E2AAE331E00239261 /* oddvarUITests.xctest */,
				7C620A8F2AAE6E5700239261 /* oddvarFramework.framework */,
			);
			name = Products;
			sourceTree = "<group>";
		};
		7CB7C7D82AABB86F00920ECC /* oddvar */ = {
			isa = PBXGroup;
			children = (
				7CB7C7D92AABB86F00920ECC /* OddvarApp.swift */,
				7C620A4A2AADF78E00239261 /* OddvarState.swift */,
				7CB7C8092AABBEA500920ECC /* Views */,
				7CB7C80A2AABBF4400920ECC /* Resources */,
				7CB7C7DF2AABB87000920ECC /* Preview Content */,
			);
			path = oddvar;
			sourceTree = "<group>";
		};
		7CB7C7DF2AABB87000920ECC /* Preview Content */ = {
			isa = PBXGroup;
			children = (
				7CB7C7E02AABB87000920ECC /* Preview Assets.xcassets */,
			);
			path = "Preview Content";
			sourceTree = "<group>";
		};
		7CB7C7E92AABB87000920ECC /* oddvarTests */ = {
			isa = PBXGroup;
			children = (
				7CB7C7EA2AABB87000920ECC /* oddvarTests.swift */,
				7CB0D3A02AAFBF650054BFFF /* after+Tests.swift */,
			);
			path = oddvarTests;
			sourceTree = "<group>";
		};
		7CB7C8092AABBEA500920ECC /* Views */ = {
			isa = PBXGroup;
			children = (
				7CB0D39F2AAFB34E0054BFFF /* PickerContainer */,
				7CB0D39E2AAFB3410054BFFF /* ItemList */,
			);
			path = Views;
			sourceTree = "<group>";
		};
		7CB7C80A2AABBF4400920ECC /* Resources */ = {
			isa = PBXGroup;
			children = (
				7CB7C8072AABBB7600920ECC /* DepenencyEnviroment.swift */,
				7CB7C80B2AABBF5600920ECC /* Constants.swift */,
				7CB7C7DD2AABB87000920ECC /* Assets.xcassets */,
			);
			path = Resources;
			sourceTree = "<group>";
		};
/* End PBXGroup section */

/* Begin PBXHeadersBuildPhase section */
		7C620A8A2AAE6E5700239261 /* Headers */ = {
			isa = PBXHeadersBuildPhase;
			buildActionMask = 2147483647;
			files = (
				7C620A942AAE6E5700239261 /* oddvarFramework.h in Headers */,
			);
			runOnlyForDeploymentPostprocessing = 0;
		};
/* End PBXHeadersBuildPhase section */

/* Begin PBXNativeTarget section */
		7C620A6D2AAE331E00239261 /* oddvarUITests */ = {
			isa = PBXNativeTarget;
			buildConfigurationList = 7C620A762AAE331E00239261 /* Build configuration list for PBXNativeTarget "oddvarUITests" */;
			buildPhases = (
				7C620A6A2AAE331E00239261 /* Sources */,
				7C620A6B2AAE331E00239261 /* Frameworks */,
				7C620A6C2AAE331E00239261 /* Resources */,
				7C620A872AAE6A8500239261 /* CopyFiles */,
			);
			buildRules = (
			);
			dependencies = (
				7C620A752AAE331E00239261 /* PBXTargetDependency */,
			);
			name = oddvarUITests;
			packageProductDependencies = (
				7C620A822AAE62EA00239261 /* SnapshotTesting */,
			);
			productName = oddvarUITests;
			productReference = 7C620A6E2AAE331E00239261 /* oddvarUITests.xctest */;
			productType = "com.apple.product-type.bundle.ui-testing";
		};
		7C620A8E2AAE6E5700239261 /* oddvarFramework */ = {
			isa = PBXNativeTarget;
			buildConfigurationList = 7C620A992AAE6E5700239261 /* Build configuration list for PBXNativeTarget "oddvarFramework" */;
			buildPhases = (
				7C620A8A2AAE6E5700239261 /* Headers */,
				7C620A8B2AAE6E5700239261 /* Sources */,
				7C620A8C2AAE6E5700239261 /* Frameworks */,
				7C620A8D2AAE6E5700239261 /* Resources */,
			);
			buildRules = (
			);
			dependencies = (
			);
			name = oddvarFramework;
			packageProductDependencies = (
				7CB0D3A62AAFC3D70054BFFF /* CachedAsyncImage */,
				7CA7F5132AB0A68600D1B3B7 /* OddvarApi */,
			);
			productName = oddvarFramework;
			productReference = 7C620A8F2AAE6E5700239261 /* oddvarFramework.framework */;
			productType = "com.apple.product-type.framework";
		};
		7CB7C7D52AABB86F00920ECC /* oddvar */ = {
			isa = PBXNativeTarget;
			buildConfigurationList = 7CB7C7FA2AABB87000920ECC /* Build configuration list for PBXNativeTarget "oddvar" */;
			buildPhases = (
				7CB7C7D22AABB86F00920ECC /* Sources */,
				7CB7C7D32AABB86F00920ECC /* Frameworks */,
				7CB7C7D42AABB86F00920ECC /* Resources */,
				7C620A9C2AAE6E5700239261 /* Embed Frameworks */,
			);
			buildRules = (
			);
			dependencies = (
				7C620A962AAE6E5700239261 /* PBXTargetDependency */,
			);
			name = oddvar;
			packageProductDependencies = (
			);
			productName = oddvar;
			productReference = 7CB7C7D62AABB86F00920ECC /* oddvar.app */;
			productType = "com.apple.product-type.application";
		};
		7CB7C7E52AABB87000920ECC /* oddvarTests */ = {
			isa = PBXNativeTarget;
			buildConfigurationList = 7CB7C7FD2AABB87000920ECC /* Build configuration list for PBXNativeTarget "oddvarTests" */;
			buildPhases = (
				7CB7C7E22AABB87000920ECC /* Sources */,
				7CB7C7E32AABB87000920ECC /* Frameworks */,
				7CB7C7E42AABB87000920ECC /* Resources */,
			);
			buildRules = (
			);
			dependencies = (
				7CB7C7E82AABB87000920ECC /* PBXTargetDependency */,
			);
			name = oddvarTests;
			packageProductDependencies = (
			);
			productName = oddvarTests;
			productReference = 7CB7C7E62AABB87000920ECC /* oddvarTests.xctest */;
			productType = "com.apple.product-type.bundle.unit-test";
		};
/* End PBXNativeTarget section */

/* Begin PBXProject section */
		7CB7C7CE2AABB86F00920ECC /* Project object */ = {
			isa = PBXProject;
			attributes = {
				BuildIndependentTargetsInParallel = 1;
				LastSwiftUpdateCheck = 1430;
				LastUpgradeCheck = 1430;
				TargetAttributes = {
					7C620A6D2AAE331E00239261 = {
						CreatedOnToolsVersion = 14.3;
						TestTargetID = 7CB7C7D52AABB86F00920ECC;
					};
					7C620A8E2AAE6E5700239261 = {
						CreatedOnToolsVersion = 14.3;
					};
					7CB7C7D52AABB86F00920ECC = {
						CreatedOnToolsVersion = 14.3;
					};
					7CB7C7E52AABB87000920ECC = {
						CreatedOnToolsVersion = 14.3;
						TestTargetID = 7CB7C7D52AABB86F00920ECC;
					};
				};
			};
			buildConfigurationList = 7CB7C7D12AABB86F00920ECC /* Build configuration list for PBXProject "oddvar" */;
			compatibilityVersion = "Xcode 14.0";
			developmentRegion = en;
			hasScannedForEncodings = 0;
			knownRegions = (
				en,
				Base,
			);
			mainGroup = 7CB7C7CD2AABB86F00920ECC;
			packageReferences = (
				7C620A812AAE62E900239261 /* XCRemoteSwiftPackageReference "swift-snapshot-testing" */,
				7CB0D3A22AAFC39D0054BFFF /* XCRemoteSwiftPackageReference "swiftui-cached-async-image" */,
				7CA7F5122AB0A68600D1B3B7 /* XCRemoteSwiftPackageReference "oddvarApi" */,
			);
			productRefGroup = 7CB7C7D72AABB86F00920ECC /* Products */;
			projectDirPath = "";
			projectRoot = "";
			targets = (
				7CB7C7D52AABB86F00920ECC /* oddvar */,
				7CB7C7E52AABB87000920ECC /* oddvarTests */,
				7C620A6D2AAE331E00239261 /* oddvarUITests */,
				7C620A8E2AAE6E5700239261 /* oddvarFramework */,
			);
		};
/* End PBXProject section */

/* Begin PBXResourcesBuildPhase section */
		7C620A6C2AAE331E00239261 /* Resources */ = {
			isa = PBXResourcesBuildPhase;
			buildActionMask = 2147483647;
			files = (
			);
			runOnlyForDeploymentPostprocessing = 0;
		};
		7C620A8D2AAE6E5700239261 /* Resources */ = {
			isa = PBXResourcesBuildPhase;
			buildActionMask = 2147483647;
			files = (
				7CB0D39B2AAF974E0054BFFF /* Assets.xcassets in Resources */,
				7C620AA52AAE6F0900239261 /* Preview Assets.xcassets in Resources */,
			);
			runOnlyForDeploymentPostprocessing = 0;
		};
		7CB7C7D42AABB86F00920ECC /* Resources */ = {
			isa = PBXResourcesBuildPhase;
			buildActionMask = 2147483647;
			files = (
				7CB7C7DE2AABB87000920ECC /* Assets.xcassets in Resources */,
			);
			runOnlyForDeploymentPostprocessing = 0;
		};
		7CB7C7E42AABB87000920ECC /* Resources */ = {
			isa = PBXResourcesBuildPhase;
			buildActionMask = 2147483647;
			files = (
			);
			runOnlyForDeploymentPostprocessing = 0;
		};
/* End PBXResourcesBuildPhase section */

/* Begin PBXSourcesBuildPhase section */
		7C620A6A2AAE331E00239261 /* Sources */ = {
			isa = PBXSourcesBuildPhase;
			buildActionMask = 2147483647;
			files = (
				7C620A732AAE331E00239261 /* oddvarUITestsLaunchTests.swift in Sources */,
				7C620A712AAE331E00239261 /* oddvarUITests.swift in Sources */,
			);
			runOnlyForDeploymentPostprocessing = 0;
		};
		7C620A8B2AAE6E5700239261 /* Sources */ = {
			isa = PBXSourcesBuildPhase;
			buildActionMask = 2147483647;
			files = (
				7CB0D39D2AAFAFE50054BFFF /* TextImageOverlay.swift in Sources */,
				7C620AA02AAE6E9500239261 /* PickerContainerCore.swift in Sources */,
				7C620A9F2AAE6E9000239261 /* PickerContainerView.swift in Sources */,
				7C620A9E2AAE6E8B00239261 /* ItemCardView.swift in Sources */,
				7C620A932AAE6E5700239261 /* oddvarFramework.docc in Sources */,
				7C620AA12AAE6E9E00239261 /* DepenencyEnviroment.swift in Sources */,
				7C620AA32AAE6ED000239261 /* OddvarState.swift in Sources */,
				7C620A9D2AAE6E8500239261 /* ItemListView.swift in Sources */,
				7C620AA42AAE6EFE00239261 /* Constants.swift in Sources */,
			);
			runOnlyForDeploymentPostprocessing = 0;
		};
		7CB7C7D22AABB86F00920ECC /* Sources */ = {
			isa = PBXSourcesBuildPhase;
			buildActionMask = 2147483647;
			files = (
				7C620AA72AAE6F3700239261 /* OddvarApp.swift in Sources */,
			);
			runOnlyForDeploymentPostprocessing = 0;
		};
		7CB7C7E22AABB87000920ECC /* Sources */ = {
			isa = PBXSourcesBuildPhase;
			buildActionMask = 2147483647;
			files = (
				7CB0D3A12AAFBF650054BFFF /* after+Tests.swift in Sources */,
				7C620A7D2AAE5D3E00239261 /* oddvarTests.swift in Sources */,
			);
			runOnlyForDeploymentPostprocessing = 0;
		};
/* End PBXSourcesBuildPhase section */

/* Begin PBXTargetDependency section */
		7C620A752AAE331E00239261 /* PBXTargetDependency */ = {
			isa = PBXTargetDependency;
			target = 7CB7C7D52AABB86F00920ECC /* oddvar */;
			targetProxy = 7C620A742AAE331E00239261 /* PBXContainerItemProxy */;
		};
		7C620A962AAE6E5700239261 /* PBXTargetDependency */ = {
			isa = PBXTargetDependency;
			target = 7C620A8E2AAE6E5700239261 /* oddvarFramework */;
			targetProxy = 7C620A952AAE6E5700239261 /* PBXContainerItemProxy */;
		};
		7CB7C7E82AABB87000920ECC /* PBXTargetDependency */ = {
			isa = PBXTargetDependency;
			target = 7CB7C7D52AABB86F00920ECC /* oddvar */;
			targetProxy = 7CB7C7E72AABB87000920ECC /* PBXContainerItemProxy */;
		};
/* End PBXTargetDependency section */

/* Begin XCBuildConfiguration section */
		7C620A772AAE331E00239261 /* Debug */ = {
			isa = XCBuildConfiguration;
			buildSettings = {
				ALWAYS_EMBED_SWIFT_STANDARD_LIBRARIES = YES;
				CODE_SIGN_STYLE = Automatic;
				CURRENT_PROJECT_VERSION = 1;
				DEVELOPMENT_TEAM = 5PKTA338CL;
				GENERATE_INFOPLIST_FILE = YES;
				MARKETING_VERSION = 1.0;
				PRODUCT_BUNDLE_IDENTIFIER = no.beiningbogen.oddvarUITests;
				PRODUCT_NAME = "$(TARGET_NAME)";
				PROVISIONING_PROFILE = "";
				SWIFT_EMIT_LOC_STRINGS = NO;
				SWIFT_VERSION = 5.0;
				TARGETED_DEVICE_FAMILY = "1,2";
				TEST_TARGET_NAME = oddvar;
			};
			name = Debug;
		};
		7C620A782AAE331E00239261 /* Release */ = {
			isa = XCBuildConfiguration;
			buildSettings = {
				ALWAYS_EMBED_SWIFT_STANDARD_LIBRARIES = YES;
				CODE_SIGN_STYLE = Automatic;
				CURRENT_PROJECT_VERSION = 1;
				DEVELOPMENT_TEAM = 5PKTA338CL;
				GENERATE_INFOPLIST_FILE = YES;
				MARKETING_VERSION = 1.0;
				PRODUCT_BUNDLE_IDENTIFIER = no.beiningbogen.oddvarUITests;
				PRODUCT_NAME = "$(TARGET_NAME)";
				PROVISIONING_PROFILE = "";
				SWIFT_EMIT_LOC_STRINGS = NO;
				SWIFT_VERSION = 5.0;
				TARGETED_DEVICE_FAMILY = "1,2";
				TEST_TARGET_NAME = oddvar;
			};
			name = Release;
		};
		7C620A9A2AAE6E5700239261 /* Debug */ = {
			isa = XCBuildConfiguration;
			buildSettings = {
				CODE_SIGN_STYLE = Automatic;
				CURRENT_PROJECT_VERSION = 1;
				DEFINES_MODULE = YES;
				DEVELOPMENT_ASSET_PATHS = "";
				DEVELOPMENT_TEAM = 5PKTA338CL;
				DYLIB_COMPATIBILITY_VERSION = 1;
				DYLIB_CURRENT_VERSION = 1;
				DYLIB_INSTALL_NAME_BASE = "@rpath";
				ENABLE_MODULE_VERIFIER = YES;
				GENERATE_INFOPLIST_FILE = YES;
				INFOPLIST_KEY_NSHumanReadableCopyright = "";
				INSTALL_PATH = "$(LOCAL_LIBRARY_DIR)/Frameworks";
				LD_RUNPATH_SEARCH_PATHS = (
					"$(inherited)",
					"@executable_path/Frameworks",
					"@loader_path/Frameworks",
				);
				MARKETING_VERSION = 1.0;
				MODULE_VERIFIER_SUPPORTED_LANGUAGES = "objective-c objective-c++";
				MODULE_VERIFIER_SUPPORTED_LANGUAGE_STANDARDS = "gnu11 gnu++20";
				PRODUCT_BUNDLE_IDENTIFIER = no.beiningbogen.oddvarFramework;
				PRODUCT_NAME = "$(TARGET_NAME:c99extidentifier)";
				SKIP_INSTALL = YES;
				SWIFT_EMIT_LOC_STRINGS = YES;
				SWIFT_VERSION = 5.0;
				TARGETED_DEVICE_FAMILY = "1,2";
				VERSIONING_SYSTEM = "apple-generic";
				VERSION_INFO_PREFIX = "";
			};
			name = Debug;
		};
		7C620A9B2AAE6E5700239261 /* Release */ = {
			isa = XCBuildConfiguration;
			buildSettings = {
				CODE_SIGN_STYLE = Automatic;
				CURRENT_PROJECT_VERSION = 1;
				DEFINES_MODULE = YES;
				DEVELOPMENT_ASSET_PATHS = "";
				DEVELOPMENT_TEAM = 5PKTA338CL;
				DYLIB_COMPATIBILITY_VERSION = 1;
				DYLIB_CURRENT_VERSION = 1;
				DYLIB_INSTALL_NAME_BASE = "@rpath";
				ENABLE_MODULE_VERIFIER = YES;
				GENERATE_INFOPLIST_FILE = YES;
				INFOPLIST_KEY_NSHumanReadableCopyright = "";
				INSTALL_PATH = "$(LOCAL_LIBRARY_DIR)/Frameworks";
				LD_RUNPATH_SEARCH_PATHS = (
					"$(inherited)",
					"@executable_path/Frameworks",
					"@loader_path/Frameworks",
				);
				MARKETING_VERSION = 1.0;
				MODULE_VERIFIER_SUPPORTED_LANGUAGES = "objective-c objective-c++";
				MODULE_VERIFIER_SUPPORTED_LANGUAGE_STANDARDS = "gnu11 gnu++20";
				PRODUCT_BUNDLE_IDENTIFIER = no.beiningbogen.oddvarFramework;
				PRODUCT_NAME = "$(TARGET_NAME:c99extidentifier)";
				SKIP_INSTALL = YES;
				SWIFT_EMIT_LOC_STRINGS = YES;
				SWIFT_VERSION = 5.0;
				TARGETED_DEVICE_FAMILY = "1,2";
				VERSIONING_SYSTEM = "apple-generic";
				VERSION_INFO_PREFIX = "";
			};
			name = Release;
		};
		7CB7C7F82AABB87000920ECC /* Debug */ = {
			isa = XCBuildConfiguration;
			buildSettings = {
				ALWAYS_SEARCH_USER_PATHS = NO;
				CLANG_ANALYZER_NONNULL = YES;
				CLANG_ANALYZER_NUMBER_OBJECT_CONVERSION = YES_AGGRESSIVE;
				CLANG_CXX_LANGUAGE_STANDARD = "gnu++20";
				CLANG_ENABLE_MODULES = YES;
				CLANG_ENABLE_OBJC_ARC = YES;
				CLANG_ENABLE_OBJC_WEAK = YES;
				CLANG_WARN_BLOCK_CAPTURE_AUTORELEASING = YES;
				CLANG_WARN_BOOL_CONVERSION = YES;
				CLANG_WARN_COMMA = YES;
				CLANG_WARN_CONSTANT_CONVERSION = YES;
				CLANG_WARN_DEPRECATED_OBJC_IMPLEMENTATIONS = YES;
				CLANG_WARN_DIRECT_OBJC_ISA_USAGE = YES_ERROR;
				CLANG_WARN_DOCUMENTATION_COMMENTS = YES;
				CLANG_WARN_EMPTY_BODY = YES;
				CLANG_WARN_ENUM_CONVERSION = YES;
				CLANG_WARN_INFINITE_RECURSION = YES;
				CLANG_WARN_INT_CONVERSION = YES;
				CLANG_WARN_NON_LITERAL_NULL_CONVERSION = YES;
				CLANG_WARN_OBJC_IMPLICIT_RETAIN_SELF = YES;
				CLANG_WARN_OBJC_LITERAL_CONVERSION = YES;
				CLANG_WARN_OBJC_ROOT_CLASS = YES_ERROR;
				CLANG_WARN_QUOTED_INCLUDE_IN_FRAMEWORK_HEADER = YES;
				CLANG_WARN_RANGE_LOOP_ANALYSIS = YES;
				CLANG_WARN_STRICT_PROTOTYPES = YES;
				CLANG_WARN_SUSPICIOUS_MOVE = YES;
				CLANG_WARN_UNGUARDED_AVAILABILITY = YES_AGGRESSIVE;
				CLANG_WARN_UNREACHABLE_CODE = YES;
				CLANG_WARN__DUPLICATE_METHOD_MATCH = YES;
				COPY_PHASE_STRIP = NO;
				DEBUG_INFORMATION_FORMAT = dwarf;
				ENABLE_STRICT_OBJC_MSGSEND = YES;
				ENABLE_TESTABILITY = YES;
				GCC_C_LANGUAGE_STANDARD = gnu11;
				GCC_DYNAMIC_NO_PIC = NO;
				GCC_NO_COMMON_BLOCKS = YES;
				GCC_OPTIMIZATION_LEVEL = 0;
				GCC_PREPROCESSOR_DEFINITIONS = (
					"DEBUG=1",
					"$(inherited)",
				);
				GCC_WARN_64_TO_32_BIT_CONVERSION = YES;
				GCC_WARN_ABOUT_RETURN_TYPE = YES_ERROR;
				GCC_WARN_UNDECLARED_SELECTOR = YES;
				GCC_WARN_UNINITIALIZED_AUTOS = YES_AGGRESSIVE;
				GCC_WARN_UNUSED_FUNCTION = YES;
				GCC_WARN_UNUSED_VARIABLE = YES;
				IPHONEOS_DEPLOYMENT_TARGET = 16.4;
				MTL_ENABLE_DEBUG_INFO = INCLUDE_SOURCE;
				MTL_FAST_MATH = YES;
				ONLY_ACTIVE_ARCH = YES;
				SDKROOT = iphoneos;
				SWIFT_ACTIVE_COMPILATION_CONDITIONS = DEBUG;
				SWIFT_OPTIMIZATION_LEVEL = "-Onone";
			};
			name = Debug;
		};
		7CB7C7F92AABB87000920ECC /* Release */ = {
			isa = XCBuildConfiguration;
			buildSettings = {
				ALWAYS_SEARCH_USER_PATHS = NO;
				CLANG_ANALYZER_NONNULL = YES;
				CLANG_ANALYZER_NUMBER_OBJECT_CONVERSION = YES_AGGRESSIVE;
				CLANG_CXX_LANGUAGE_STANDARD = "gnu++20";
				CLANG_ENABLE_MODULES = YES;
				CLANG_ENABLE_OBJC_ARC = YES;
				CLANG_ENABLE_OBJC_WEAK = YES;
				CLANG_WARN_BLOCK_CAPTURE_AUTORELEASING = YES;
				CLANG_WARN_BOOL_CONVERSION = YES;
				CLANG_WARN_COMMA = YES;
				CLANG_WARN_CONSTANT_CONVERSION = YES;
				CLANG_WARN_DEPRECATED_OBJC_IMPLEMENTATIONS = YES;
				CLANG_WARN_DIRECT_OBJC_ISA_USAGE = YES_ERROR;
				CLANG_WARN_DOCUMENTATION_COMMENTS = YES;
				CLANG_WARN_EMPTY_BODY = YES;
				CLANG_WARN_ENUM_CONVERSION = YES;
				CLANG_WARN_INFINITE_RECURSION = YES;
				CLANG_WARN_INT_CONVERSION = YES;
				CLANG_WARN_NON_LITERAL_NULL_CONVERSION = YES;
				CLANG_WARN_OBJC_IMPLICIT_RETAIN_SELF = YES;
				CLANG_WARN_OBJC_LITERAL_CONVERSION = YES;
				CLANG_WARN_OBJC_ROOT_CLASS = YES_ERROR;
				CLANG_WARN_QUOTED_INCLUDE_IN_FRAMEWORK_HEADER = YES;
				CLANG_WARN_RANGE_LOOP_ANALYSIS = YES;
				CLANG_WARN_STRICT_PROTOTYPES = YES;
				CLANG_WARN_SUSPICIOUS_MOVE = YES;
				CLANG_WARN_UNGUARDED_AVAILABILITY = YES_AGGRESSIVE;
				CLANG_WARN_UNREACHABLE_CODE = YES;
				CLANG_WARN__DUPLICATE_METHOD_MATCH = YES;
				COPY_PHASE_STRIP = NO;
				DEBUG_INFORMATION_FORMAT = "dwarf-with-dsym";
				ENABLE_NS_ASSERTIONS = NO;
				ENABLE_STRICT_OBJC_MSGSEND = YES;
				GCC_C_LANGUAGE_STANDARD = gnu11;
				GCC_NO_COMMON_BLOCKS = YES;
				GCC_WARN_64_TO_32_BIT_CONVERSION = YES;
				GCC_WARN_ABOUT_RETURN_TYPE = YES_ERROR;
				GCC_WARN_UNDECLARED_SELECTOR = YES;
				GCC_WARN_UNINITIALIZED_AUTOS = YES_AGGRESSIVE;
				GCC_WARN_UNUSED_FUNCTION = YES;
				GCC_WARN_UNUSED_VARIABLE = YES;
				IPHONEOS_DEPLOYMENT_TARGET = 16.4;
				MTL_ENABLE_DEBUG_INFO = NO;
				MTL_FAST_MATH = YES;
				SDKROOT = iphoneos;
				SWIFT_COMPILATION_MODE = wholemodule;
				SWIFT_OPTIMIZATION_LEVEL = "-O";
				VALIDATE_PRODUCT = YES;
			};
			name = Release;
		};
		7CB7C7FB2AABB87000920ECC /* Debug */ = {
			isa = XCBuildConfiguration;
			buildSettings = {
				ALWAYS_EMBED_SWIFT_STANDARD_LIBRARIES = YES;
				ASSETCATALOG_COMPILER_APPICON_NAME = AppIcon;
				ASSETCATALOG_COMPILER_GLOBAL_ACCENT_COLOR_NAME = AccentColor;
				CODE_SIGN_STYLE = Automatic;
				CURRENT_PROJECT_VERSION = 1;
				DEVELOPMENT_ASSET_PATHS = "\"oddvar/Preview Content\"";
				DEVELOPMENT_TEAM = 5PKTA338CL;
				ENABLE_PREVIEWS = YES;
				GENERATE_INFOPLIST_FILE = YES;
				INFOPLIST_KEY_UIApplicationSceneManifest_Generation = YES;
				INFOPLIST_KEY_UIApplicationSupportsIndirectInputEvents = YES;
				INFOPLIST_KEY_UILaunchScreen_Generation = YES;
				INFOPLIST_KEY_UISupportedInterfaceOrientations_iPad = "UIInterfaceOrientationPortrait UIInterfaceOrientationPortraitUpsideDown UIInterfaceOrientationLandscapeLeft UIInterfaceOrientationLandscapeRight";
				INFOPLIST_KEY_UISupportedInterfaceOrientations_iPhone = "UIInterfaceOrientationPortrait UIInterfaceOrientationLandscapeLeft UIInterfaceOrientationLandscapeRight";
				IPHONEOS_DEPLOYMENT_TARGET = 16.4;
				LD_RUNPATH_SEARCH_PATHS = (
					"$(inherited)",
					"@executable_path/Frameworks",
				);
				MARKETING_VERSION = 1.0;
				PRODUCT_BUNDLE_IDENTIFIER = no.beiningbogen.oddvar;
				PRODUCT_NAME = "$(TARGET_NAME)";
				SWIFT_EMIT_LOC_STRINGS = YES;
				SWIFT_VERSION = 5.0;
				TARGETED_DEVICE_FAMILY = "1,2";
			};
			name = Debug;
		};
		7CB7C7FC2AABB87000920ECC /* Release */ = {
			isa = XCBuildConfiguration;
			buildSettings = {
				ALWAYS_EMBED_SWIFT_STANDARD_LIBRARIES = YES;
				ASSETCATALOG_COMPILER_APPICON_NAME = AppIcon;
				ASSETCATALOG_COMPILER_GLOBAL_ACCENT_COLOR_NAME = AccentColor;
				CODE_SIGN_STYLE = Automatic;
				CURRENT_PROJECT_VERSION = 1;
				DEVELOPMENT_ASSET_PATHS = "\"oddvar/Preview Content\"";
				DEVELOPMENT_TEAM = 5PKTA338CL;
				ENABLE_PREVIEWS = YES;
				GENERATE_INFOPLIST_FILE = YES;
				INFOPLIST_KEY_UIApplicationSceneManifest_Generation = YES;
				INFOPLIST_KEY_UIApplicationSupportsIndirectInputEvents = YES;
				INFOPLIST_KEY_UILaunchScreen_Generation = YES;
				INFOPLIST_KEY_UISupportedInterfaceOrientations_iPad = "UIInterfaceOrientationPortrait UIInterfaceOrientationPortraitUpsideDown UIInterfaceOrientationLandscapeLeft UIInterfaceOrientationLandscapeRight";
				INFOPLIST_KEY_UISupportedInterfaceOrientations_iPhone = "UIInterfaceOrientationPortrait UIInterfaceOrientationLandscapeLeft UIInterfaceOrientationLandscapeRight";
				IPHONEOS_DEPLOYMENT_TARGET = 16.4;
				LD_RUNPATH_SEARCH_PATHS = (
					"$(inherited)",
					"@executable_path/Frameworks",
				);
				MARKETING_VERSION = 1.0;
				PRODUCT_BUNDLE_IDENTIFIER = no.beiningbogen.oddvar;
				PRODUCT_NAME = "$(TARGET_NAME)";
				SWIFT_EMIT_LOC_STRINGS = YES;
				SWIFT_VERSION = 5.0;
				TARGETED_DEVICE_FAMILY = "1,2";
			};
			name = Release;
		};
		7CB7C7FE2AABB87000920ECC /* Debug */ = {
			isa = XCBuildConfiguration;
			buildSettings = {
				ALWAYS_EMBED_SWIFT_STANDARD_LIBRARIES = YES;
				BUNDLE_LOADER = "$(TEST_HOST)";
				CODE_SIGN_STYLE = Automatic;
				CURRENT_PROJECT_VERSION = 1;
				DEVELOPMENT_TEAM = 5PKTA338CL;
				GENERATE_INFOPLIST_FILE = YES;
				IPHONEOS_DEPLOYMENT_TARGET = 16.4;
				MARKETING_VERSION = 1.0;
				PRODUCT_BUNDLE_IDENTIFIER = no.beiningbogen.oddvarTests;
				PRODUCT_NAME = "$(TARGET_NAME)";
				SWIFT_EMIT_LOC_STRINGS = NO;
				SWIFT_VERSION = 5.0;
				TARGETED_DEVICE_FAMILY = "1,2";
				TEST_HOST = "$(BUILT_PRODUCTS_DIR)/oddvar.app/$(BUNDLE_EXECUTABLE_FOLDER_PATH)/oddvar";
			};
			name = Debug;
		};
		7CB7C7FF2AABB87000920ECC /* Release */ = {
			isa = XCBuildConfiguration;
			buildSettings = {
				ALWAYS_EMBED_SWIFT_STANDARD_LIBRARIES = YES;
				BUNDLE_LOADER = "$(TEST_HOST)";
				CODE_SIGN_STYLE = Automatic;
				CURRENT_PROJECT_VERSION = 1;
				DEVELOPMENT_TEAM = 5PKTA338CL;
				GENERATE_INFOPLIST_FILE = YES;
				IPHONEOS_DEPLOYMENT_TARGET = 16.4;
				MARKETING_VERSION = 1.0;
				PRODUCT_BUNDLE_IDENTIFIER = no.beiningbogen.oddvarTests;
				PRODUCT_NAME = "$(TARGET_NAME)";
				SWIFT_EMIT_LOC_STRINGS = NO;
				SWIFT_VERSION = 5.0;
				TARGETED_DEVICE_FAMILY = "1,2";
				TEST_HOST = "$(BUILT_PRODUCTS_DIR)/oddvar.app/$(BUNDLE_EXECUTABLE_FOLDER_PATH)/oddvar";
			};
			name = Release;
		};
/* End XCBuildConfiguration section */

/* Begin XCConfigurationList section */
		7C620A762AAE331E00239261 /* Build configuration list for PBXNativeTarget "oddvarUITests" */ = {
			isa = XCConfigurationList;
			buildConfigurations = (
				7C620A772AAE331E00239261 /* Debug */,
				7C620A782AAE331E00239261 /* Release */,
			);
			defaultConfigurationIsVisible = 0;
			defaultConfigurationName = Release;
		};
		7C620A992AAE6E5700239261 /* Build configuration list for PBXNativeTarget "oddvarFramework" */ = {
			isa = XCConfigurationList;
			buildConfigurations = (
				7C620A9A2AAE6E5700239261 /* Debug */,
				7C620A9B2AAE6E5700239261 /* Release */,
			);
			defaultConfigurationIsVisible = 0;
			defaultConfigurationName = Release;
		};
		7CB7C7D12AABB86F00920ECC /* Build configuration list for PBXProject "oddvar" */ = {
			isa = XCConfigurationList;
			buildConfigurations = (
				7CB7C7F82AABB87000920ECC /* Debug */,
				7CB7C7F92AABB87000920ECC /* Release */,
			);
			defaultConfigurationIsVisible = 0;
			defaultConfigurationName = Release;
		};
		7CB7C7FA2AABB87000920ECC /* Build configuration list for PBXNativeTarget "oddvar" */ = {
			isa = XCConfigurationList;
			buildConfigurations = (
				7CB7C7FB2AABB87000920ECC /* Debug */,
				7CB7C7FC2AABB87000920ECC /* Release */,
			);
			defaultConfigurationIsVisible = 0;
			defaultConfigurationName = Release;
		};
		7CB7C7FD2AABB87000920ECC /* Build configuration list for PBXNativeTarget "oddvarTests" */ = {
			isa = XCConfigurationList;
			buildConfigurations = (
				7CB7C7FE2AABB87000920ECC /* Debug */,
				7CB7C7FF2AABB87000920ECC /* Release */,
			);
			defaultConfigurationIsVisible = 0;
			defaultConfigurationName = Release;
		};
/* End XCConfigurationList section */

/* Begin XCRemoteSwiftPackageReference section */
		7C620A812AAE62E900239261 /* XCRemoteSwiftPackageReference "swift-snapshot-testing" */ = {
			isa = XCRemoteSwiftPackageReference;
			repositoryURL = "https://github.com/pointfreeco/swift-snapshot-testing";
			requirement = {
				kind = upToNextMajorVersion;
				minimumVersion = 1.0.0;
			};
		};
		7CA7F5122AB0A68600D1B3B7 /* XCRemoteSwiftPackageReference "oddvarApi" */ = {
			isa = XCRemoteSwiftPackageReference;
			repositoryURL = "https://github.com/KristerMoen/oddvarApi";
			requirement = {
				branch = main;
				kind = branch;
			};
		};
		7CB0D3A22AAFC39D0054BFFF /* XCRemoteSwiftPackageReference "swiftui-cached-async-image" */ = {
			isa = XCRemoteSwiftPackageReference;
			repositoryURL = "https://github.com/lorenzofiamingo/swiftui-cached-async-image";
			requirement = {
				kind = upToNextMajorVersion;
				minimumVersion = 2.0.0;
			};
		};
/* End XCRemoteSwiftPackageReference section */

/* Begin XCSwiftPackageProductDependency section */
		7C620A822AAE62EA00239261 /* SnapshotTesting */ = {
			isa = XCSwiftPackageProductDependency;
			package = 7C620A812AAE62E900239261 /* XCRemoteSwiftPackageReference "swift-snapshot-testing" */;
			productName = SnapshotTesting;
		};
		7CA7F5132AB0A68600D1B3B7 /* OddvarApi */ = {
			isa = XCSwiftPackageProductDependency;
			package = 7CA7F5122AB0A68600D1B3B7 /* XCRemoteSwiftPackageReference "oddvarApi" */;
			productName = OddvarApi;
		};
		7CB0D3A62AAFC3D70054BFFF /* CachedAsyncImage */ = {
			isa = XCSwiftPackageProductDependency;
			package = 7CB0D3A22AAFC39D0054BFFF /* XCRemoteSwiftPackageReference "swiftui-cached-async-image" */;
			productName = CachedAsyncImage;
		};
/* End XCSwiftPackageProductDependency section */
	};
	rootObject = 7CB7C7CE2AABB86F00920ECC /* Project object */;
}
