// !$*UTF8*$!
{
	archiveVersion = 1;
	classes = {
	};
	objectVersion = 56;
	objects = {

/* Begin PBXBuildFile section */
		7CB7C7DA2AABB86F00920ECC /* OddvarApp.swift in Sources */ = {isa = PBXBuildFile; fileRef = 7CB7C7D92AABB86F00920ECC /* OddvarApp.swift */; };
		7CB7C7DC2AABB86F00920ECC /* ItemListView.swift in Sources */ = {isa = PBXBuildFile; fileRef = 7CB7C7DB2AABB86F00920ECC /* ItemListView.swift */; };
		7CB7C7DE2AABB87000920ECC /* Assets.xcassets in Resources */ = {isa = PBXBuildFile; fileRef = 7CB7C7DD2AABB87000920ECC /* Assets.xcassets */; };
		7CB7C7E12AABB87000920ECC /* Preview Assets.xcassets in Resources */ = {isa = PBXBuildFile; fileRef = 7CB7C7E02AABB87000920ECC /* Preview Assets.xcassets */; };
		7CB7C7EB2AABB87000920ECC /* oddvarTests.swift in Sources */ = {isa = PBXBuildFile; fileRef = 7CB7C7EA2AABB87000920ECC /* oddvarTests.swift */; };
		7CB7C7F52AABB87000920ECC /* oddvarUITests.swift in Sources */ = {isa = PBXBuildFile; fileRef = 7CB7C7F42AABB87000920ECC /* oddvarUITests.swift */; };
		7CB7C7F72AABB87000920ECC /* oddvarUITestsLaunchTests.swift in Sources */ = {isa = PBXBuildFile; fileRef = 7CB7C7F62AABB87000920ECC /* oddvarUITestsLaunchTests.swift */; };
		7CB7C8062AABB9ED00920ECC /* OddvarApi in Frameworks */ = {isa = PBXBuildFile; productRef = 7CB7C8052AABB9ED00920ECC /* OddvarApi */; };
		7CB7C8082AABBB7600920ECC /* DepenencyEnviroment.swift in Sources */ = {isa = PBXBuildFile; fileRef = 7CB7C8072AABBB7600920ECC /* DepenencyEnviroment.swift */; };
		7CB7C80C2AABBF5600920ECC /* Constants.swift in Sources */ = {isa = PBXBuildFile; fileRef = 7CB7C80B2AABBF5600920ECC /* Constants.swift */; };
		7CB7C80E2AABD81200920ECC /* ItemCardView.swift in Sources */ = {isa = PBXBuildFile; fileRef = 7CB7C80D2AABD81200920ECC /* ItemCardView.swift */; };
/* End PBXBuildFile section */

/* Begin PBXContainerItemProxy section */
		7CB7C7E72AABB87000920ECC /* PBXContainerItemProxy */ = {
			isa = PBXContainerItemProxy;
			containerPortal = 7CB7C7CE2AABB86F00920ECC /* Project object */;
			proxyType = 1;
			remoteGlobalIDString = 7CB7C7D52AABB86F00920ECC;
			remoteInfo = oddvar;
		};
		7CB7C7F12AABB87000920ECC /* PBXContainerItemProxy */ = {
			isa = PBXContainerItemProxy;
			containerPortal = 7CB7C7CE2AABB86F00920ECC /* Project object */;
			proxyType = 1;
			remoteGlobalIDString = 7CB7C7D52AABB86F00920ECC;
			remoteInfo = oddvar;
		};
/* End PBXContainerItemProxy section */

/* Begin PBXFileReference section */
		7CB7C7D62AABB86F00920ECC /* oddvar.app */ = {isa = PBXFileReference; explicitFileType = wrapper.application; includeInIndex = 0; path = oddvar.app; sourceTree = BUILT_PRODUCTS_DIR; };
		7CB7C7D92AABB86F00920ECC /* OddvarApp.swift */ = {isa = PBXFileReference; lastKnownFileType = sourcecode.swift; path = OddvarApp.swift; sourceTree = "<group>"; };
		7CB7C7DB2AABB86F00920ECC /* ItemListView.swift */ = {isa = PBXFileReference; lastKnownFileType = sourcecode.swift; path = ItemListView.swift; sourceTree = "<group>"; };
		7CB7C7DD2AABB87000920ECC /* Assets.xcassets */ = {isa = PBXFileReference; lastKnownFileType = folder.assetcatalog; path = Assets.xcassets; sourceTree = "<group>"; };
		7CB7C7E02AABB87000920ECC /* Preview Assets.xcassets */ = {isa = PBXFileReference; lastKnownFileType = folder.assetcatalog; path = "Preview Assets.xcassets"; sourceTree = "<group>"; };
		7CB7C7E62AABB87000920ECC /* oddvarTests.xctest */ = {isa = PBXFileReference; explicitFileType = wrapper.cfbundle; includeInIndex = 0; path = oddvarTests.xctest; sourceTree = BUILT_PRODUCTS_DIR; };
		7CB7C7EA2AABB87000920ECC /* oddvarTests.swift */ = {isa = PBXFileReference; lastKnownFileType = sourcecode.swift; path = oddvarTests.swift; sourceTree = "<group>"; };
		7CB7C7F02AABB87000920ECC /* oddvarUITests.xctest */ = {isa = PBXFileReference; explicitFileType = wrapper.cfbundle; includeInIndex = 0; path = oddvarUITests.xctest; sourceTree = BUILT_PRODUCTS_DIR; };
		7CB7C7F42AABB87000920ECC /* oddvarUITests.swift */ = {isa = PBXFileReference; lastKnownFileType = sourcecode.swift; path = oddvarUITests.swift; sourceTree = "<group>"; };
		7CB7C7F62AABB87000920ECC /* oddvarUITestsLaunchTests.swift */ = {isa = PBXFileReference; lastKnownFileType = sourcecode.swift; path = oddvarUITestsLaunchTests.swift; sourceTree = "<group>"; };
		7CB7C8032AABB9B900920ECC /* OddvarApi */ = {isa = PBXFileReference; lastKnownFileType = wrapper; name = OddvarApi; path = ../OddvarApi; sourceTree = "<group>"; };
		7CB7C8072AABBB7600920ECC /* DepenencyEnviroment.swift */ = {isa = PBXFileReference; lastKnownFileType = sourcecode.swift; path = DepenencyEnviroment.swift; sourceTree = "<group>"; };
		7CB7C80B2AABBF5600920ECC /* Constants.swift */ = {isa = PBXFileReference; lastKnownFileType = sourcecode.swift; path = Constants.swift; sourceTree = "<group>"; };
		7CB7C80D2AABD81200920ECC /* ItemCardView.swift */ = {isa = PBXFileReference; lastKnownFileType = sourcecode.swift; path = ItemCardView.swift; sourceTree = "<group>"; };
/* End PBXFileReference section */

/* Begin PBXFrameworksBuildPhase section */
		7CB7C7D32AABB86F00920ECC /* Frameworks */ = {
			isa = PBXFrameworksBuildPhase;
			buildActionMask = 2147483647;
			files = (
				7CB7C8062AABB9ED00920ECC /* OddvarApi in Frameworks */,
			);
			runOnlyForDeploymentPostprocessing = 0;
		};
		7CB7C7E32AABB87000920ECC /* Frameworks */ = {
			isa = PBXFrameworksBuildPhase;
			buildActionMask = 2147483647;
			files = (
			);
			runOnlyForDeploymentPostprocessing = 0;
		};
		7CB7C7ED2AABB87000920ECC /* Frameworks */ = {
			isa = PBXFrameworksBuildPhase;
			buildActionMask = 2147483647;
			files = (
			);
			runOnlyForDeploymentPostprocessing = 0;
		};
/* End PBXFrameworksBuildPhase section */

/* Begin PBXGroup section */
		7CB7C7CD2AABB86F00920ECC = {
			isa = PBXGroup;
			children = (
				7CB7C8032AABB9B900920ECC /* OddvarApi */,
				7CB7C7D82AABB86F00920ECC /* oddvar */,
				7CB7C7E92AABB87000920ECC /* oddvarTests */,
				7CB7C7F32AABB87000920ECC /* oddvarUITests */,
				7CB7C7D72AABB86F00920ECC /* Products */,
				7CB7C8042AABB9ED00920ECC /* Frameworks */,
			);
			sourceTree = "<group>";
		};
		7CB7C7D72AABB86F00920ECC /* Products */ = {
			isa = PBXGroup;
			children = (
				7CB7C7D62AABB86F00920ECC /* oddvar.app */,
				7CB7C7E62AABB87000920ECC /* oddvarTests.xctest */,
				7CB7C7F02AABB87000920ECC /* oddvarUITests.xctest */,
			);
			name = Products;
			sourceTree = "<group>";
		};
		7CB7C7D82AABB86F00920ECC /* oddvar */ = {
			isa = PBXGroup;
			children = (
				7CB7C7D92AABB86F00920ECC /* OddvarApp.swift */,
				7CB7C8092AABBEA500920ECC /* Views */,
				7CB7C80A2AABBF4400920ECC /* Resources */,
				7CB7C7DF2AABB87000920ECC /* Preview Content */,
			);
			path = oddvar;
			sourceTree = "<group>";
		};
		7CB7C7DF2AABB87000920ECC /* Preview Content */ = {
			isa = PBXGroup;
			children = (
				7CB7C7E02AABB87000920ECC /* Preview Assets.xcassets */,
			);
			path = "Preview Content";
			sourceTree = "<group>";
		};
		7CB7C7E92AABB87000920ECC /* oddvarTests */ = {
			isa = PBXGroup;
			children = (
				7CB7C7EA2AABB87000920ECC /* oddvarTests.swift */,
			);
			path = oddvarTests;
			sourceTree = "<group>";
		};
		7CB7C7F32AABB87000920ECC /* oddvarUITests */ = {
			isa = PBXGroup;
			children = (
				7CB7C7F42AABB87000920ECC /* oddvarUITests.swift */,
				7CB7C7F62AABB87000920ECC /* oddvarUITestsLaunchTests.swift */,
			);
			path = oddvarUITests;
			sourceTree = "<group>";
		};
		7CB7C8042AABB9ED00920ECC /* Frameworks */ = {
			isa = PBXGroup;
			children = (
			);
			name = Frameworks;
			sourceTree = "<group>";
		};
		7CB7C8092AABBEA500920ECC /* Views */ = {
			isa = PBXGroup;
			children = (
				7CB7C7DB2AABB86F00920ECC /* ItemListView.swift */,
				7CB7C80D2AABD81200920ECC /* ItemCardView.swift */,
			);
			path = Views;
			sourceTree = "<group>";
		};
		7CB7C80A2AABBF4400920ECC /* Resources */ = {
			isa = PBXGroup;
			children = (
				7CB7C7DD2AABB87000920ECC /* Assets.xcassets */,
				7CB7C8072AABBB7600920ECC /* DepenencyEnviroment.swift */,
				7CB7C80B2AABBF5600920ECC /* Constants.swift */,
			);
			path = Resources;
			sourceTree = "<group>";
		};
/* End PBXGroup section */

/* Begin PBXNativeTarget section */
		7CB7C7D52AABB86F00920ECC /* oddvar */ = {
			isa = PBXNativeTarget;
			buildConfigurationList = 7CB7C7FA2AABB87000920ECC /* Build configuration list for PBXNativeTarget "oddvar" */;
			buildPhases = (
				7CB7C7D22AABB86F00920ECC /* Sources */,
				7CB7C7D32AABB86F00920ECC /* Frameworks */,
				7CB7C7D42AABB86F00920ECC /* Resources */,
			);
			buildRules = (
			);
			dependencies = (
			);
			name = oddvar;
			packageProductDependencies = (
				7CB7C8052AABB9ED00920ECC /* OddvarApi */,
			);
			productName = oddvar;
			productReference = 7CB7C7D62AABB86F00920ECC /* oddvar.app */;
			productType = "com.apple.product-type.application";
		};
		7CB7C7E52AABB87000920ECC /* oddvarTests */ = {
			isa = PBXNativeTarget;
			buildConfigurationList = 7CB7C7FD2AABB87000920ECC /* Build configuration list for PBXNativeTarget "oddvarTests" */;
			buildPhases = (
				7CB7C7E22AABB87000920ECC /* Sources */,
				7CB7C7E32AABB87000920ECC /* Frameworks */,
				7CB7C7E42AABB87000920ECC /* Resources */,
			);
			buildRules = (
			);
			dependencies = (
				7CB7C7E82AABB87000920ECC /* PBXTargetDependency */,
			);
			name = oddvarTests;
			productName = oddvarTests;
			productReference = 7CB7C7E62AABB87000920ECC /* oddvarTests.xctest */;
			productType = "com.apple.product-type.bundle.unit-test";
		};
		7CB7C7EF2AABB87000920ECC /* oddvarUITests */ = {
			isa = PBXNativeTarget;
			buildConfigurationList = 7CB7C8002AABB87000920ECC /* Build configuration list for PBXNativeTarget "oddvarUITests" */;
			buildPhases = (
				7CB7C7EC2AABB87000920ECC /* Sources */,
				7CB7C7ED2AABB87000920ECC /* Frameworks */,
				7CB7C7EE2AABB87000920ECC /* Resources */,
			);
			buildRules = (
			);
			dependencies = (
				7CB7C7F22AABB87000920ECC /* PBXTargetDependency */,
			);
			name = oddvarUITests;
			productName = oddvarUITests;
			productReference = 7CB7C7F02AABB87000920ECC /* oddvarUITests.xctest */;
			productType = "com.apple.product-type.bundle.ui-testing";
		};
/* End PBXNativeTarget section */

/* Begin PBXProject section */
		7CB7C7CE2AABB86F00920ECC /* Project object */ = {
			isa = PBXProject;
			attributes = {
				BuildIndependentTargetsInParallel = 1;
				LastSwiftUpdateCheck = 1430;
				LastUpgradeCheck = 1430;
				TargetAttributes = {
					7CB7C7D52AABB86F00920ECC = {
						CreatedOnToolsVersion = 14.3;
					};
					7CB7C7E52AABB87000920ECC = {
						CreatedOnToolsVersion = 14.3;
						TestTargetID = 7CB7C7D52AABB86F00920ECC;
					};
					7CB7C7EF2AABB87000920ECC = {
						CreatedOnToolsVersion = 14.3;
						TestTargetID = 7CB7C7D52AABB86F00920ECC;
					};
				};
			};
			buildConfigurationList = 7CB7C7D12AABB86F00920ECC /* Build configuration list for PBXProject "oddvar" */;
			compatibilityVersion = "Xcode 14.0";
			developmentRegion = en;
			hasScannedForEncodings = 0;
			knownRegions = (
				en,
				Base,
			);
			mainGroup = 7CB7C7CD2AABB86F00920ECC;
			productRefGroup = 7CB7C7D72AABB86F00920ECC /* Products */;
			projectDirPath = "";
			projectRoot = "";
			targets = (
				7CB7C7D52AABB86F00920ECC /* oddvar */,
				7CB7C7E52AABB87000920ECC /* oddvarTests */,
				7CB7C7EF2AABB87000920ECC /* oddvarUITests */,
			);
		};
/* End PBXProject section */

/* Begin PBXResourcesBuildPhase section */
		7CB7C7D42AABB86F00920ECC /* Resources */ = {
			isa = PBXResourcesBuildPhase;
			buildActionMask = 2147483647;
			files = (
				7CB7C7E12AABB87000920ECC /* Preview Assets.xcassets in Resources */,
				7CB7C7DE2AABB87000920ECC /* Assets.xcassets in Resources */,
			);
			runOnlyForDeploymentPostprocessing = 0;
		};
		7CB7C7E42AABB87000920ECC /* Resources */ = {
			isa = PBXResourcesBuildPhase;
			buildActionMask = 2147483647;
			files = (
			);
			runOnlyForDeploymentPostprocessing = 0;
		};
		7CB7C7EE2AABB87000920ECC /* Resources */ = {
			isa = PBXResourcesBuildPhase;
			buildActionMask = 2147483647;
			files = (
			);
			runOnlyForDeploymentPostprocessing = 0;
		};
/* End PBXResourcesBuildPhase section */

/* Begin PBXSourcesBuildPhase section */
		7CB7C7D22AABB86F00920ECC /* Sources */ = {
			isa = PBXSourcesBuildPhase;
			buildActionMask = 2147483647;
			files = (
				7CB7C7DC2AABB86F00920ECC /* ItemListView.swift in Sources */,
				7CB7C8082AABBB7600920ECC /* DepenencyEnviroment.swift in Sources */,
				7CB7C7DA2AABB86F00920ECC /* OddvarApp.swift in Sources */,
				7CB7C80E2AABD81200920ECC /* ItemCardView.swift in Sources */,
				7CB7C80C2AABBF5600920ECC /* Constants.swift in Sources */,
			);
			runOnlyForDeploymentPostprocessing = 0;
		};
		7CB7C7E22AABB87000920ECC /* Sources */ = {
			isa = PBXSourcesBuildPhase;
			buildActionMask = 2147483647;
			files = (
				7CB7C7EB2AABB87000920ECC /* oddvarTests.swift in Sources */,
			);
			runOnlyForDeploymentPostprocessing = 0;
		};
		7CB7C7EC2AABB87000920ECC /* Sources */ = {
			isa = PBXSourcesBuildPhase;
			buildActionMask = 2147483647;
			files = (
				7CB7C7F72AABB87000920ECC /* oddvarUITestsLaunchTests.swift in Sources */,
				7CB7C7F52AABB87000920ECC /* oddvarUITests.swift in Sources */,
			);
			runOnlyForDeploymentPostprocessing = 0;
		};
/* End PBXSourcesBuildPhase section */

/* Begin PBXTargetDependency section */
		7CB7C7E82AABB87000920ECC /* PBXTargetDependency */ = {
			isa = PBXTargetDependency;
			target = 7CB7C7D52AABB86F00920ECC /* oddvar */;
			targetProxy = 7CB7C7E72AABB87000920ECC /* PBXContainerItemProxy */;
		};
		7CB7C7F22AABB87000920ECC /* PBXTargetDependency */ = {
			isa = PBXTargetDependency;
			target = 7CB7C7D52AABB86F00920ECC /* oddvar */;
			targetProxy = 7CB7C7F12AABB87000920ECC /* PBXContainerItemProxy */;
		};
/* End PBXTargetDependency section */

/* Begin XCBuildConfiguration section */
		7CB7C7F82AABB87000920ECC /* Debug */ = {
			isa = XCBuildConfiguration;
			buildSettings = {
				ALWAYS_SEARCH_USER_PATHS = NO;
				CLANG_ANALYZER_NONNULL = YES;
				CLANG_ANALYZER_NUMBER_OBJECT_CONVERSION = YES_AGGRESSIVE;
				CLANG_CXX_LANGUAGE_STANDARD = "gnu++20";
				CLANG_ENABLE_MODULES = YES;
				CLANG_ENABLE_OBJC_ARC = YES;
				CLANG_ENABLE_OBJC_WEAK = YES;
				CLANG_WARN_BLOCK_CAPTURE_AUTORELEASING = YES;
				CLANG_WARN_BOOL_CONVERSION = YES;
				CLANG_WARN_COMMA = YES;
				CLANG_WARN_CONSTANT_CONVERSION = YES;
				CLANG_WARN_DEPRECATED_OBJC_IMPLEMENTATIONS = YES;
				CLANG_WARN_DIRECT_OBJC_ISA_USAGE = YES_ERROR;
				CLANG_WARN_DOCUMENTATION_COMMENTS = YES;
				CLANG_WARN_EMPTY_BODY = YES;
				CLANG_WARN_ENUM_CONVERSION = YES;
				CLANG_WARN_INFINITE_RECURSION = YES;
				CLANG_WARN_INT_CONVERSION = YES;
				CLANG_WARN_NON_LITERAL_NULL_CONVERSION = YES;
				CLANG_WARN_OBJC_IMPLICIT_RETAIN_SELF = YES;
				CLANG_WARN_OBJC_LITERAL_CONVERSION = YES;
				CLANG_WARN_OBJC_ROOT_CLASS = YES_ERROR;
				CLANG_WARN_QUOTED_INCLUDE_IN_FRAMEWORK_HEADER = YES;
				CLANG_WARN_RANGE_LOOP_ANALYSIS = YES;
				CLANG_WARN_STRICT_PROTOTYPES = YES;
				CLANG_WARN_SUSPICIOUS_MOVE = YES;
				CLANG_WARN_UNGUARDED_AVAILABILITY = YES_AGGRESSIVE;
				CLANG_WARN_UNREACHABLE_CODE = YES;
				CLANG_WARN__DUPLICATE_METHOD_MATCH = YES;
				COPY_PHASE_STRIP = NO;
				DEBUG_INFORMATION_FORMAT = dwarf;
				ENABLE_STRICT_OBJC_MSGSEND = YES;
				ENABLE_TESTABILITY = YES;
				GCC_C_LANGUAGE_STANDARD = gnu11;
				GCC_DYNAMIC_NO_PIC = NO;
				GCC_NO_COMMON_BLOCKS = YES;
				GCC_OPTIMIZATION_LEVEL = 0;
				GCC_PREPROCESSOR_DEFINITIONS = (
					"DEBUG=1",
					"$(inherited)",
				);
				GCC_WARN_64_TO_32_BIT_CONVERSION = YES;
				GCC_WARN_ABOUT_RETURN_TYPE = YES_ERROR;
				GCC_WARN_UNDECLARED_SELECTOR = YES;
				GCC_WARN_UNINITIALIZED_AUTOS = YES_AGGRESSIVE;
				GCC_WARN_UNUSED_FUNCTION = YES;
				GCC_WARN_UNUSED_VARIABLE = YES;
				IPHONEOS_DEPLOYMENT_TARGET = 16.4;
				MTL_ENABLE_DEBUG_INFO = INCLUDE_SOURCE;
				MTL_FAST_MATH = YES;
				ONLY_ACTIVE_ARCH = YES;
				SDKROOT = iphoneos;
				SWIFT_ACTIVE_COMPILATION_CONDITIONS = DEBUG;
				SWIFT_OPTIMIZATION_LEVEL = "-Onone";
			};
			name = Debug;
		};
		7CB7C7F92AABB87000920ECC /* Release */ = {
			isa = XCBuildConfiguration;
			buildSettings = {
				ALWAYS_SEARCH_USER_PATHS = NO;
				CLANG_ANALYZER_NONNULL = YES;
				CLANG_ANALYZER_NUMBER_OBJECT_CONVERSION = YES_AGGRESSIVE;
				CLANG_CXX_LANGUAGE_STANDARD = "gnu++20";
				CLANG_ENABLE_MODULES = YES;
				CLANG_ENABLE_OBJC_ARC = YES;
				CLANG_ENABLE_OBJC_WEAK = YES;
				CLANG_WARN_BLOCK_CAPTURE_AUTORELEASING = YES;
				CLANG_WARN_BOOL_CONVERSION = YES;
				CLANG_WARN_COMMA = YES;
				CLANG_WARN_CONSTANT_CONVERSION = YES;
				CLANG_WARN_DEPRECATED_OBJC_IMPLEMENTATIONS = YES;
				CLANG_WARN_DIRECT_OBJC_ISA_USAGE = YES_ERROR;
				CLANG_WARN_DOCUMENTATION_COMMENTS = YES;
				CLANG_WARN_EMPTY_BODY = YES;
				CLANG_WARN_ENUM_CONVERSION = YES;
				CLANG_WARN_INFINITE_RECURSION = YES;
				CLANG_WARN_INT_CONVERSION = YES;
				CLANG_WARN_NON_LITERAL_NULL_CONVERSION = YES;
				CLANG_WARN_OBJC_IMPLICIT_RETAIN_SELF = YES;
				CLANG_WARN_OBJC_LITERAL_CONVERSION = YES;
				CLANG_WARN_OBJC_ROOT_CLASS = YES_ERROR;
				CLANG_WARN_QUOTED_INCLUDE_IN_FRAMEWORK_HEADER = YES;
				CLANG_WARN_RANGE_LOOP_ANALYSIS = YES;
				CLANG_WARN_STRICT_PROTOTYPES = YES;
				CLANG_WARN_SUSPICIOUS_MOVE = YES;
				CLANG_WARN_UNGUARDED_AVAILABILITY = YES_AGGRESSIVE;
				CLANG_WARN_UNREACHABLE_CODE = YES;
				CLANG_WARN__DUPLICATE_METHOD_MATCH = YES;
				COPY_PHASE_STRIP = NO;
				DEBUG_INFORMATION_FORMAT = "dwarf-with-dsym";
				ENABLE_NS_ASSERTIONS = NO;
				ENABLE_STRICT_OBJC_MSGSEND = YES;
				GCC_C_LANGUAGE_STANDARD = gnu11;
				GCC_NO_COMMON_BLOCKS = YES;
				GCC_WARN_64_TO_32_BIT_CONVERSION = YES;
				GCC_WARN_ABOUT_RETURN_TYPE = YES_ERROR;
				GCC_WARN_UNDECLARED_SELECTOR = YES;
				GCC_WARN_UNINITIALIZED_AUTOS = YES_AGGRESSIVE;
				GCC_WARN_UNUSED_FUNCTION = YES;
				GCC_WARN_UNUSED_VARIABLE = YES;
				IPHONEOS_DEPLOYMENT_TARGET = 16.4;
				MTL_ENABLE_DEBUG_INFO = NO;
				MTL_FAST_MATH = YES;
				SDKROOT = iphoneos;
				SWIFT_COMPILATION_MODE = wholemodule;
				SWIFT_OPTIMIZATION_LEVEL = "-O";
				VALIDATE_PRODUCT = YES;
			};
			name = Release;
		};
		7CB7C7FB2AABB87000920ECC /* Debug */ = {
			isa = XCBuildConfiguration;
			buildSettings = {
				ASSETCATALOG_COMPILER_APPICON_NAME = AppIcon;
				ASSETCATALOG_COMPILER_GLOBAL_ACCENT_COLOR_NAME = AccentColor;
				CODE_SIGN_STYLE = Automatic;
				CURRENT_PROJECT_VERSION = 1;
				DEVELOPMENT_ASSET_PATHS = "\"oddvar/Preview Content\"";
				DEVELOPMENT_TEAM = CP5F32LPF3;
				ENABLE_PREVIEWS = YES;
				GENERATE_INFOPLIST_FILE = YES;
				INFOPLIST_KEY_UIApplicationSceneManifest_Generation = YES;
				INFOPLIST_KEY_UIApplicationSupportsIndirectInputEvents = YES;
				INFOPLIST_KEY_UILaunchScreen_Generation = YES;
				INFOPLIST_KEY_UISupportedInterfaceOrientations_iPad = "UIInterfaceOrientationPortrait UIInterfaceOrientationPortraitUpsideDown UIInterfaceOrientationLandscapeLeft UIInterfaceOrientationLandscapeRight";
				INFOPLIST_KEY_UISupportedInterfaceOrientations_iPhone = "UIInterfaceOrientationPortrait UIInterfaceOrientationLandscapeLeft UIInterfaceOrientationLandscapeRight";
				LD_RUNPATH_SEARCH_PATHS = (
					"$(inherited)",
					"@executable_path/Frameworks",
				);
				MARKETING_VERSION = 1.0;
				PRODUCT_BUNDLE_IDENTIFIER = no.beiningbogen.oddvar;
				PRODUCT_NAME = "$(TARGET_NAME)";
				SWIFT_EMIT_LOC_STRINGS = YES;
				SWIFT_VERSION = 5.0;
				TARGETED_DEVICE_FAMILY = "1,2";
			};
			name = Debug;
		};
		7CB7C7FC2AABB87000920ECC /* Release */ = {
			isa = XCBuildConfiguration;
			buildSettings = {
				ASSETCATALOG_COMPILER_APPICON_NAME = AppIcon;
				ASSETCATALOG_COMPILER_GLOBAL_ACCENT_COLOR_NAME = AccentColor;
				CODE_SIGN_STYLE = Automatic;
				CURRENT_PROJECT_VERSION = 1;
				DEVELOPMENT_ASSET_PATHS = "\"oddvar/Preview Content\"";
				DEVELOPMENT_TEAM = CP5F32LPF3;
				ENABLE_PREVIEWS = YES;
				GENERATE_INFOPLIST_FILE = YES;
				INFOPLIST_KEY_UIApplicationSceneManifest_Generation = YES;
				INFOPLIST_KEY_UIApplicationSupportsIndirectInputEvents = YES;
				INFOPLIST_KEY_UILaunchScreen_Generation = YES;
				INFOPLIST_KEY_UISupportedInterfaceOrientations_iPad = "UIInterfaceOrientationPortrait UIInterfaceOrientationPortraitUpsideDown UIInterfaceOrientationLandscapeLeft UIInterfaceOrientationLandscapeRight";
				INFOPLIST_KEY_UISupportedInterfaceOrientations_iPhone = "UIInterfaceOrientationPortrait UIInterfaceOrientationLandscapeLeft UIInterfaceOrientationLandscapeRight";
				LD_RUNPATH_SEARCH_PATHS = (
					"$(inherited)",
					"@executable_path/Frameworks",
				);
				MARKETING_VERSION = 1.0;
				PRODUCT_BUNDLE_IDENTIFIER = no.beiningbogen.oddvar;
				PRODUCT_NAME = "$(TARGET_NAME)";
				SWIFT_EMIT_LOC_STRINGS = YES;
				SWIFT_VERSION = 5.0;
				TARGETED_DEVICE_FAMILY = "1,2";
			};
			name = Release;
		};
		7CB7C7FE2AABB87000920ECC /* Debug */ = {
			isa = XCBuildConfiguration;
			buildSettings = {
				ALWAYS_EMBED_SWIFT_STANDARD_LIBRARIES = YES;
				BUNDLE_LOADER = "$(TEST_HOST)";
				CODE_SIGN_STYLE = Automatic;
				CURRENT_PROJECT_VERSION = 1;
				DEVELOPMENT_TEAM = CP5F32LPF3;
				GENERATE_INFOPLIST_FILE = YES;
				IPHONEOS_DEPLOYMENT_TARGET = 16.4;
				MARKETING_VERSION = 1.0;
				PRODUCT_BUNDLE_IDENTIFIER = no.beiningbogen.oddvarTests;
				PRODUCT_NAME = "$(TARGET_NAME)";
				SWIFT_EMIT_LOC_STRINGS = NO;
				SWIFT_VERSION = 5.0;
				TARGETED_DEVICE_FAMILY = "1,2";
				TEST_HOST = "$(BUILT_PRODUCTS_DIR)/oddvar.app/$(BUNDLE_EXECUTABLE_FOLDER_PATH)/oddvar";
			};
			name = Debug;
		};
		7CB7C7FF2AABB87000920ECC /* Release */ = {
			isa = XCBuildConfiguration;
			buildSettings = {
				ALWAYS_EMBED_SWIFT_STANDARD_LIBRARIES = YES;
				BUNDLE_LOADER = "$(TEST_HOST)";
				CODE_SIGN_STYLE = Automatic;
				CURRENT_PROJECT_VERSION = 1;
				DEVELOPMENT_TEAM = CP5F32LPF3;
				GENERATE_INFOPLIST_FILE = YES;
				IPHONEOS_DEPLOYMENT_TARGET = 16.4;
				MARKETING_VERSION = 1.0;
				PRODUCT_BUNDLE_IDENTIFIER = no.beiningbogen.oddvarTests;
				PRODUCT_NAME = "$(TARGET_NAME)";
				SWIFT_EMIT_LOC_STRINGS = NO;
				SWIFT_VERSION = 5.0;
				TARGETED_DEVICE_FAMILY = "1,2";
				TEST_HOST = "$(BUILT_PRODUCTS_DIR)/oddvar.app/$(BUNDLE_EXECUTABLE_FOLDER_PATH)/oddvar";
			};
			name = Release;
		};
		7CB7C8012AABB87000920ECC /* Debug */ = {
			isa = XCBuildConfiguration;
			buildSettings = {
				ALWAYS_EMBED_SWIFT_STANDARD_LIBRARIES = YES;
				CODE_SIGN_STYLE = Automatic;
				CURRENT_PROJECT_VERSION = 1;
				DEVELOPMENT_TEAM = CP5F32LPF3;
				GENERATE_INFOPLIST_FILE = YES;
				MARKETING_VERSION = 1.0;
				PRODUCT_BUNDLE_IDENTIFIER = no.beiningbogen.oddvarUITests;
				PRODUCT_NAME = "$(TARGET_NAME)";
				SWIFT_EMIT_LOC_STRINGS = NO;
				SWIFT_VERSION = 5.0;
				TARGETED_DEVICE_FAMILY = "1,2";
				TEST_TARGET_NAME = oddvar;
			};
			name = Debug;
		};
		7CB7C8022AABB87000920ECC /* Release */ = {
			isa = XCBuildConfiguration;
			buildSettings = {
				ALWAYS_EMBED_SWIFT_STANDARD_LIBRARIES = YES;
				CODE_SIGN_STYLE = Automatic;
				CURRENT_PROJECT_VERSION = 1;
				DEVELOPMENT_TEAM = CP5F32LPF3;
				GENERATE_INFOPLIST_FILE = YES;
				MARKETING_VERSION = 1.0;
				PRODUCT_BUNDLE_IDENTIFIER = no.beiningbogen.oddvarUITests;
				PRODUCT_NAME = "$(TARGET_NAME)";
				SWIFT_EMIT_LOC_STRINGS = NO;
				SWIFT_VERSION = 5.0;
				TARGETED_DEVICE_FAMILY = "1,2";
				TEST_TARGET_NAME = oddvar;
			};
			name = Release;
		};
/* End XCBuildConfiguration section */

/* Begin XCConfigurationList section */
		7CB7C7D12AABB86F00920ECC /* Build configuration list for PBXProject "oddvar" */ = {
			isa = XCConfigurationList;
			buildConfigurations = (
				7CB7C7F82AABB87000920ECC /* Debug */,
				7CB7C7F92AABB87000920ECC /* Release */,
			);
			defaultConfigurationIsVisible = 0;
			defaultConfigurationName = Release;
		};
		7CB7C7FA2AABB87000920ECC /* Build configuration list for PBXNativeTarget "oddvar" */ = {
			isa = XCConfigurationList;
			buildConfigurations = (
				7CB7C7FB2AABB87000920ECC /* Debug */,
				7CB7C7FC2AABB87000920ECC /* Release */,
			);
			defaultConfigurationIsVisible = 0;
			defaultConfigurationName = Release;
		};
		7CB7C7FD2AABB87000920ECC /* Build configuration list for PBXNativeTarget "oddvarTests" */ = {
			isa = XCConfigurationList;
			buildConfigurations = (
				7CB7C7FE2AABB87000920ECC /* Debug */,
				7CB7C7FF2AABB87000920ECC /* Release */,
			);
			defaultConfigurationIsVisible = 0;
			defaultConfigurationName = Release;
		};
		7CB7C8002AABB87000920ECC /* Build configuration list for PBXNativeTarget "oddvarUITests" */ = {
			isa = XCConfigurationList;
			buildConfigurations = (
				7CB7C8012AABB87000920ECC /* Debug */,
				7CB7C8022AABB87000920ECC /* Release */,
			);
			defaultConfigurationIsVisible = 0;
			defaultConfigurationName = Release;
		};
/* End XCConfigurationList section */

/* Begin XCSwiftPackageProductDependency section */
		7CB7C8052AABB9ED00920ECC /* OddvarApi */ = {
			isa = XCSwiftPackageProductDependency;
			productName = OddvarApi;
		};
/* End XCSwiftPackageProductDependency section */
	};
	rootObject = 7CB7C7CE2AABB86F00920ECC /* Project object */;
}
